
Microsoft Visual Studio Solution File, Format Version 12.00
# Visual Studio Version 16
VisualStudioVersion = 16.0.31112.23
MinimumVisualStudioVersion = 10.0.40219.1
Project("{FAE04EC0-301F-11D3-BF4B-00C04F79EFBC}") = "Breaking_replacement_cipher", "Breaking_replacement_cipher\Breaking_replacement_cipher.csproj", "{0463BB2A-F8D5-4BB3-A9DB-C937F0B53A29}"
EndProject
Global
	GlobalSection(SolutionConfigurationPlatforms) = preSolution
		Debug|Any CPU = Debug|Any CPU
		Release|Any CPU = Release|Any CPU
	EndGlobalSection
	GlobalSection(ProjectConfigurationPlatforms) = postSolution
		{0463BB2A-F8D5-4BB3-A9DB-C937F0B53A29}.Debug|Any CPU.ActiveCfg = Debug|Any CPU
		{0463BB2A-F8D5-4BB3-A9DB-C937F0B53A29}.Debug|Any CPU.Build.0 = Debug|Any CPU
		{0463BB2A-F8D5-4BB3-A9DB-C937F0B53A29}.Release|Any CPU.ActiveCfg = Release|Any CPU
		{0463BB2A-F8D5-4BB3-A9DB-C937F0B53A29}.Release|Any CPU.Build.0 = Release|Any CPU
	EndGlobalSection
	GlobalSection(SolutionProperties) = preSolution
		HideSolutionNode = FALSE
	EndGlobalSection
	GlobalSection(ExtensibilityGlobals) = postSolution
		SolutionGuid = {44EE87DF-9BA4-4F8F-AD99-358AA7037A04}
	EndGlobalSection
EndGlobal
